
Microsoft Visual Studio Solution File, Format Version 11.00
# Visual C# Express 2010
Project("{FAE04EC0-301F-11D3-BF4B-00C04F79EFBC}") = "EnvVarsManager", "EnvVarsManager.csproj", "{B9E23C89-FF9E-4392-AA88-480B2109E1AD}"
EndProject
Global
	GlobalSection(SolutionConfigurationPlatforms) = preSolution
		Debug|x86 = Debug|x86
		Release|x86 = Release|x86
	EndGlobalSection
	GlobalSection(ProjectConfigurationPlatforms) = postSolution
		{B9E23C89-FF9E-4392-AA88-480B2109E1AD}.Debug|x86.ActiveCfg = Debug|x86
		{B9E23C89-FF9E-4392-AA88-480B2109E1AD}.Debug|x86.Build.0 = Debug|x86
		{B9E23C89-FF9E-4392-AA88-480B2109E1AD}.Release|x86.ActiveCfg = Release|x86
		{B9E23C89-FF9E-4392-AA88-480B2109E1AD}.Release|x86.Build.0 = Release|x86
	EndGlobalSection
	GlobalSection(SolutionProperties) = preSolution
		HideSolutionNode = FALSE
	EndGlobalSection
EndGlobal
